
Microsoft Visual Studio Solution File, Format Version 12.00
# Visual Studio Version 17
VisualStudioVersion = 17.8.34330.188
MinimumVisualStudioVersion = 10.0.40219.1
Project("{9A19103F-16F7-4668-BE54-9A1E7A4F7556}") = "MessageBroker.Infrastructure", "MessageBroker.Infrastructure\MessageBroker.Infrastructure.csproj", "{85E7A487-BD1D-4CC4-8531-BD4BAFAB964F}"
EndProject
Project("{9A19103F-16F7-4668-BE54-9A1E7A4F7556}") = "MessageBroker.Domain", "MessageBroker.Domain\MessageBroker.Domain.csproj", "{033821A7-D5B8-473A-A20B-691E46F775F5}"
EndProject
Project("{9A19103F-16F7-4668-BE54-9A1E7A4F7556}") = "MessageBroker.Persistance", "MessageBroker.Persistance\MessageBroker.Persistance.csproj", "{709EB6F1-C599-42B5-837F-EEA5EB59E1D5}"
EndProject
Project("{9A19103F-16F7-4668-BE54-9A1E7A4F7556}") = "MessageBroker.Application", "MessageBroker.Application\MessageBroker.Application.csproj", "{4524D70D-8888-449A-A2BF-BF7D3236E9C6}"
EndProject
Project("{9A19103F-16F7-4668-BE54-9A1E7A4F7556}") = "MessageBroker.Common", "MessageBroker.Common\MessageBroker.Common.csproj", "{52191439-A5C3-4181-94E9-31CAEBCE4ABE}"
EndProject
Project("{2150E333-8FDC-42A3-9474-1A3956D46DE8}") = "Src", "Src", "{9D0E4BC8-0518-44A6-890F-D7ACD7FE8DA3}"
EndProject
Project("{2150E333-8FDC-42A3-9474-1A3956D46DE8}") = "Test", "Test", "{4167F6CB-2FD3-40A8-8F14-A694F2F3F2BA}"
EndProject
Project("{2150E333-8FDC-42A3-9474-1A3956D46DE8}") = "Infrastructure", "Infrastructure", "{252EF481-E556-470F-A50F-18D7BDCD774E}"
EndProject
Project("{2150E333-8FDC-42A3-9474-1A3956D46DE8}") = "Domain", "Domain", "{D2992110-2B5A-4074-9E82-051082AD35FC}"
EndProject
Project("{2150E333-8FDC-42A3-9474-1A3956D46DE8}") = "APIs", "APIs", "{8E79BC73-6CE0-4F28-BF7A-4F9DC28FD49B}"
EndProject
Project("{2150E333-8FDC-42A3-9474-1A3956D46DE8}") = "Common", "Common", "{B7334C5F-DDA3-4824-BF80-A2B150977E14}"
EndProject
Project("{2150E333-8FDC-42A3-9474-1A3956D46DE8}") = "Application", "Application", "{6BE24DD0-E585-4105-8B1A-FE7976831C1F}"
EndProject
Project("{9A19103F-16F7-4668-BE54-9A1E7A4F7556}") = "MessageBroker.API", "MessageBroker.API\MessageBroker.API.csproj", "{A6554C6F-1E63-4281-ABC4-38A9BA82CA2A}"
EndProject
Global
	GlobalSection(SolutionConfigurationPlatforms) = preSolution
		Debug|Any CPU = Debug|Any CPU
		Release|Any CPU = Release|Any CPU
	EndGlobalSection
	GlobalSection(ProjectConfigurationPlatforms) = postSolution
		{85E7A487-BD1D-4CC4-8531-BD4BAFAB964F}.Debug|Any CPU.ActiveCfg = Debug|Any CPU
		{85E7A487-BD1D-4CC4-8531-BD4BAFAB964F}.Debug|Any CPU.Build.0 = Debug|Any CPU
		{85E7A487-BD1D-4CC4-8531-BD4BAFAB964F}.Release|Any CPU.ActiveCfg = Release|Any CPU
		{85E7A487-BD1D-4CC4-8531-BD4BAFAB964F}.Release|Any CPU.Build.0 = Release|Any CPU
		{033821A7-D5B8-473A-A20B-691E46F775F5}.Debug|Any CPU.ActiveCfg = Debug|Any CPU
		{033821A7-D5B8-473A-A20B-691E46F775F5}.Debug|Any CPU.Build.0 = Debug|Any CPU
		{033821A7-D5B8-473A-A20B-691E46F775F5}.Release|Any CPU.ActiveCfg = Release|Any CPU
		{033821A7-D5B8-473A-A20B-691E46F775F5}.Release|Any CPU.Build.0 = Release|Any CPU
		{709EB6F1-C599-42B5-837F-EEA5EB59E1D5}.Debug|Any CPU.ActiveCfg = Debug|Any CPU
		{709EB6F1-C599-42B5-837F-EEA5EB59E1D5}.Debug|Any CPU.Build.0 = Debug|Any CPU
		{709EB6F1-C599-42B5-837F-EEA5EB59E1D5}.Release|Any CPU.ActiveCfg = Release|Any CPU
		{709EB6F1-C599-42B5-837F-EEA5EB59E1D5}.Release|Any CPU.Build.0 = Release|Any CPU
		{4524D70D-8888-449A-A2BF-BF7D3236E9C6}.Debug|Any CPU.ActiveCfg = Debug|Any CPU
		{4524D70D-8888-449A-A2BF-BF7D3236E9C6}.Debug|Any CPU.Build.0 = Debug|Any CPU
		{4524D70D-8888-449A-A2BF-BF7D3236E9C6}.Release|Any CPU.ActiveCfg = Release|Any CPU
		{4524D70D-8888-449A-A2BF-BF7D3236E9C6}.Release|Any CPU.Build.0 = Release|Any CPU
		{52191439-A5C3-4181-94E9-31CAEBCE4ABE}.Debug|Any CPU.ActiveCfg = Debug|Any CPU
		{52191439-A5C3-4181-94E9-31CAEBCE4ABE}.Debug|Any CPU.Build.0 = Debug|Any CPU
		{52191439-A5C3-4181-94E9-31CAEBCE4ABE}.Release|Any CPU.ActiveCfg = Release|Any CPU
		{52191439-A5C3-4181-94E9-31CAEBCE4ABE}.Release|Any CPU.Build.0 = Release|Any CPU
		{A6554C6F-1E63-4281-ABC4-38A9BA82CA2A}.Debug|Any CPU.ActiveCfg = Debug|Any CPU
		{A6554C6F-1E63-4281-ABC4-38A9BA82CA2A}.Debug|Any CPU.Build.0 = Debug|Any CPU
		{A6554C6F-1E63-4281-ABC4-38A9BA82CA2A}.Release|Any CPU.ActiveCfg = Release|Any CPU
		{A6554C6F-1E63-4281-ABC4-38A9BA82CA2A}.Release|Any CPU.Build.0 = Release|Any CPU
	EndGlobalSection
	GlobalSection(SolutionProperties) = preSolution
		HideSolutionNode = FALSE
	EndGlobalSection
	GlobalSection(NestedProjects) = preSolution
		{85E7A487-BD1D-4CC4-8531-BD4BAFAB964F} = {252EF481-E556-470F-A50F-18D7BDCD774E}
		{033821A7-D5B8-473A-A20B-691E46F775F5} = {D2992110-2B5A-4074-9E82-051082AD35FC}
		{709EB6F1-C599-42B5-837F-EEA5EB59E1D5} = {252EF481-E556-470F-A50F-18D7BDCD774E}
		{4524D70D-8888-449A-A2BF-BF7D3236E9C6} = {6BE24DD0-E585-4105-8B1A-FE7976831C1F}
		{52191439-A5C3-4181-94E9-31CAEBCE4ABE} = {B7334C5F-DDA3-4824-BF80-A2B150977E14}
		{252EF481-E556-470F-A50F-18D7BDCD774E} = {9D0E4BC8-0518-44A6-890F-D7ACD7FE8DA3}
		{D2992110-2B5A-4074-9E82-051082AD35FC} = {9D0E4BC8-0518-44A6-890F-D7ACD7FE8DA3}
		{8E79BC73-6CE0-4F28-BF7A-4F9DC28FD49B} = {9D0E4BC8-0518-44A6-890F-D7ACD7FE8DA3}
		{B7334C5F-DDA3-4824-BF80-A2B150977E14} = {9D0E4BC8-0518-44A6-890F-D7ACD7FE8DA3}
		{6BE24DD0-E585-4105-8B1A-FE7976831C1F} = {9D0E4BC8-0518-44A6-890F-D7ACD7FE8DA3}
		{A6554C6F-1E63-4281-ABC4-38A9BA82CA2A} = {8E79BC73-6CE0-4F28-BF7A-4F9DC28FD49B}
	EndGlobalSection
	GlobalSection(ExtensibilityGlobals) = postSolution
		SolutionGuid = {9BDAD850-E06C-44FB-93D1-5A6712259E85}
	EndGlobalSection
EndGlobal
